// !$*UTF8*$!
{
	archiveVersion = 1;
	classes = {
	};
	objectVersion = 77;
	objects = {

/* Begin PBXBuildFile section */
		0DF948CF0C8E1E7670FE34D8 /* OnboardingViewModel.swift in Sources */ = {isa = PBXBuildFile; fileRef = EFE0A442BF307CC469E5D27D /* OnboardingViewModel.swift */; };
		20E8466003EC4B4EEB41E156 /* ChatView.swift in Sources */ = {isa = PBXBuildFile; fileRef = 568CE28AC494BF376E8DD0FE /* ChatView.swift */; };
		2282B39C663D5E16F39F5EEF /* DataRetriever.swift in Sources */ = {isa = PBXBuildFile; fileRef = 28DA4D9D64710D2106F806D5 /* DataRetriever.swift */; };
		250075088563746F30A6BBA7 /* ChatViewModel.swift in Sources */ = {isa = PBXBuildFile; fileRef = 1EF1B484316CB874FD7F6D23 /* ChatViewModel.swift */; };
		2881E1208CDCAA3728F9651D /* RecoveryBundle.swift in Sources */ = {isa = PBXBuildFile; fileRef = 3A82AF1C2209D8D0A08A3C92 /* RecoveryBundle.swift */; };
		2FCB6273F60818CE4F7EE374 /* OnboardingProfileView.swift in Sources */ = {isa = PBXBuildFile; fileRef = 645684C2459A9E1DD74A050F /* OnboardingProfileView.swift */; };
		47A048CED617E7E57D4137ED /* MessageBubble.swift in Sources */ = {isa = PBXBuildFile; fileRef = 8FE0951A4D9B6C11B4F9118B /* MessageBubble.swift */; };
		4CE9B4B158307F9BFED5A3CD /* LanguageModelService.swift in Sources */ = {isa = PBXBuildFile; fileRef = 7275175D59482352BC464B2C /* LanguageModelService.swift */; };
		611D5DAE701E03722910A3C6 /* OnboardingPermissionsView.swift in Sources */ = {isa = PBXBuildFile; fileRef = BAA55D76B85542757BA15672 /* OnboardingPermissionsView.swift */; };
		65C99B5F4D16BAA493796B9A /* MilestoneDetector.swift in Sources */ = {isa = PBXBuildFile; fileRef = ED7A4F9344F4B2D0945EE163 /* MilestoneDetector.swift */; };
		668B488776FD97ACC804A4D8 /* RunWorkout.swift in Sources */ = {isa = PBXBuildFile; fileRef = 82FB9889E0038A7C393C4650 /* RunWorkout.swift */; };
		6D5C33FD0C7517459794D160 /* WelcomeCard.swift in Sources */ = {isa = PBXBuildFile; fileRef = B3B344B02F1F14F3E8825A6F /* WelcomeCard.swift */; };
		6F07460E351F31C8E5F7BA24 /* HealthKitPermissionManager.swift in Sources */ = {isa = PBXBuildFile; fileRef = 21092E0851B3054111F1907E /* HealthKitPermissionManager.swift */; };
		6FC5D21708AEC60C50AB16D7 /* UserProfile.swift in Sources */ = {isa = PBXBuildFile; fileRef = FE6026FCC97576DA83121854 /* UserProfile.swift */; };
		7344CCC65C04CBDD0CD9E5B4 /* NotificationService.swift in Sources */ = {isa = PBXBuildFile; fileRef = F0D2E5E1043131E60AEF648B /* NotificationService.swift */; };
		735EAA0631DFB2F1F346ED70 /* HealthKitWorkoutFetcher.swift in Sources */ = {isa = PBXBuildFile; fileRef = 444563FC8E2E53529BBC2D19 /* HealthKitWorkoutFetcher.swift */; };
		753F1BD7AFA50C0839072C64 /* Assets.xcassets in Resources */ = {isa = PBXBuildFile; fileRef = A8DC44AD9B6CA28B9F9B0A73 /* Assets.xcassets */; };
		76E1211D079FFC33E876E22C /* PromptInput.swift in Sources */ = {isa = PBXBuildFile; fileRef = DA67ED8FA9E625EC798D8111 /* PromptInput.swift */; };
		7C1886EDED334A9EC3761FA7 /* IntelligenceGate.swift in Sources */ = {isa = PBXBuildFile; fileRef = F0DD5FADE22A1A2DED2C729C /* IntelligenceGate.swift */; };
		851033D9C11FEBA450439B93 /* MelanionApp.swift in Sources */ = {isa = PBXBuildFile; fileRef = CAF43EAF52E1359CB1A09588 /* MelanionApp.swift */; };
		8BD157E00DD5B08C12A1C87D /* OnboardingWelcomeView.swift in Sources */ = {isa = PBXBuildFile; fileRef = 0A20ABA1369ED2DC743A0559 /* OnboardingWelcomeView.swift */; };
		9308AFD9DE84C06C1DC0A06A /* ResponseTypes.swift in Sources */ = {isa = PBXBuildFile; fileRef = FC6AB02F9814286D25CBC02D /* ResponseTypes.swift */; };
		9792086F3E1FE910C325CF16 /* HealthKitError.swift in Sources */ = {isa = PBXBuildFile; fileRef = 14507F037544F6D40078DB24 /* HealthKitError.swift */; };
		9B8043D43131F3CE06CD0B62 /* NotificationSettings.swift in Sources */ = {isa = PBXBuildFile; fileRef = DC1658E82E505A43C23DBFA8 /* NotificationSettings.swift */; };
		9BFA28B877E7E241CEC6F979 /* ChatMessage.swift in Sources */ = {isa = PBXBuildFile; fileRef = 7EBC03B9CFFBAC3AA90C80D3 /* ChatMessage.swift */; };
		9CFF75B1C420643E48D93252 /* IntelligenceUnavailableView.swift in Sources */ = {isa = PBXBuildFile; fileRef = 89EE34933254A6031BC694E4 /* IntelligenceUnavailableView.swift */; };
		A423EE6F2C92F0753065EDC1 /* Theme.swift in Sources */ = {isa = PBXBuildFile; fileRef = 36E368DCB5AD1FD3486EDD43 /* Theme.swift */; };
		ACA4D29E970E549EEB8FDB67 /* FirstLaunchSetupView.swift in Sources */ = {isa = PBXBuildFile; fileRef = 3EC9BA5AF139039B1D6D459D /* FirstLaunchSetupView.swift */; };
		B91D63210798AE845716A36E /* LoadingDots.swift in Sources */ = {isa = PBXBuildFile; fileRef = 4CE2E6F4B60633B2D5B88579 /* LoadingDots.swift */; };
		D0120D999D5E37CDAF333725 /* ContentView.swift in Sources */ = {isa = PBXBuildFile; fileRef = F475F30DC94157B2274AF109 /* ContentView.swift */; };
		DB53F0DF7070F31205680FC8 /* SettingsView.swift in Sources */ = {isa = PBXBuildFile; fileRef = 0AEB3FB0FC93FE361C579A53 /* SettingsView.swift */; };
		E80B7022BDE11075A995E1B0 /* SystemPromptBuilder.swift in Sources */ = {isa = PBXBuildFile; fileRef = DBD7C28B0630609B032CB8B7 /* SystemPromptBuilder.swift */; };
		ED9C0D101B8A04CEA24AA965 /* RouteData.swift in Sources */ = {isa = PBXBuildFile; fileRef = 61FC27CBF6AD04C0BC70D856 /* RouteData.swift */; };
		EDCEC2F11A0643D62C658139 /* HealthKitRecoveryFetcher.swift in Sources */ = {isa = PBXBuildFile; fileRef = C5B724D198BFBFD74A853436 /* HealthKitRecoveryFetcher.swift */; };
/* End PBXBuildFile section */

/* Begin PBXFileReference section */
		0A20ABA1369ED2DC743A0559 /* OnboardingWelcomeView.swift */ = {isa = PBXFileReference; lastKnownFileType = sourcecode.swift; path = OnboardingWelcomeView.swift; sourceTree = "<group>"; };
		0AEB3FB0FC93FE361C579A53 /* SettingsView.swift */ = {isa = PBXFileReference; lastKnownFileType = sourcecode.swift; path = SettingsView.swift; sourceTree = "<group>"; };
		14507F037544F6D40078DB24 /* HealthKitError.swift */ = {isa = PBXFileReference; lastKnownFileType = sourcecode.swift; path = HealthKitError.swift; sourceTree = "<group>"; };
		1EF1B484316CB874FD7F6D23 /* ChatViewModel.swift */ = {isa = PBXFileReference; lastKnownFileType = sourcecode.swift; path = ChatViewModel.swift; sourceTree = "<group>"; };
		21092E0851B3054111F1907E /* HealthKitPermissionManager.swift */ = {isa = PBXFileReference; lastKnownFileType = sourcecode.swift; path = HealthKitPermissionManager.swift; sourceTree = "<group>"; };
		28DA4D9D64710D2106F806D5 /* DataRetriever.swift */ = {isa = PBXFileReference; lastKnownFileType = sourcecode.swift; path = DataRetriever.swift; sourceTree = "<group>"; };
		36DFBCE73684D80D3FD2908B /* Melanion.entitlements */ = {isa = PBXFileReference; lastKnownFileType = text.plist.entitlements; path = Melanion.entitlements; sourceTree = "<group>"; };
		36E368DCB5AD1FD3486EDD43 /* Theme.swift */ = {isa = PBXFileReference; lastKnownFileType = sourcecode.swift; path = Theme.swift; sourceTree = "<group>"; };
		3A82AF1C2209D8D0A08A3C92 /* RecoveryBundle.swift */ = {isa = PBXFileReference; lastKnownFileType = sourcecode.swift; path = RecoveryBundle.swift; sourceTree = "<group>"; };
		3EC9BA5AF139039B1D6D459D /* FirstLaunchSetupView.swift */ = {isa = PBXFileReference; lastKnownFileType = sourcecode.swift; path = FirstLaunchSetupView.swift; sourceTree = "<group>"; };
		444563FC8E2E53529BBC2D19 /* HealthKitWorkoutFetcher.swift */ = {isa = PBXFileReference; lastKnownFileType = sourcecode.swift; path = HealthKitWorkoutFetcher.swift; sourceTree = "<group>"; };
		4CE2E6F4B60633B2D5B88579 /* LoadingDots.swift */ = {isa = PBXFileReference; lastKnownFileType = sourcecode.swift; path = LoadingDots.swift; sourceTree = "<group>"; };
		568CE28AC494BF376E8DD0FE /* ChatView.swift */ = {isa = PBXFileReference; lastKnownFileType = sourcecode.swift; path = ChatView.swift; sourceTree = "<group>"; };
		61FC27CBF6AD04C0BC70D856 /* RouteData.swift */ = {isa = PBXFileReference; lastKnownFileType = sourcecode.swift; path = RouteData.swift; sourceTree = "<group>"; };
		645684C2459A9E1DD74A050F /* OnboardingProfileView.swift */ = {isa = PBXFileReference; lastKnownFileType = sourcecode.swift; path = OnboardingProfileView.swift; sourceTree = "<group>"; };
		7275175D59482352BC464B2C /* LanguageModelService.swift */ = {isa = PBXFileReference; lastKnownFileType = sourcecode.swift; path = LanguageModelService.swift; sourceTree = "<group>"; };
		7D132C082E768B41E9F8E975 /* Melanion.app */ = {isa = PBXFileReference; explicitFileType = wrapper.application; includeInIndex = 0; path = Melanion.app; sourceTree = BUILT_PRODUCTS_DIR; };
		7EBC03B9CFFBAC3AA90C80D3 /* ChatMessage.swift */ = {isa = PBXFileReference; lastKnownFileType = sourcecode.swift; path = ChatMessage.swift; sourceTree = "<group>"; };
		82FB9889E0038A7C393C4650 /* RunWorkout.swift */ = {isa = PBXFileReference; lastKnownFileType = sourcecode.swift; path = RunWorkout.swift; sourceTree = "<group>"; };
		8599272CAC541FF285FBCEE2 /* Info.plist */ = {isa = PBXFileReference; lastKnownFileType = text.plist; path = Info.plist; sourceTree = "<group>"; };
		89EE34933254A6031BC694E4 /* IntelligenceUnavailableView.swift */ = {isa = PBXFileReference; lastKnownFileType = sourcecode.swift; path = IntelligenceUnavailableView.swift; sourceTree = "<group>"; };
		8FE0951A4D9B6C11B4F9118B /* MessageBubble.swift */ = {isa = PBXFileReference; lastKnownFileType = sourcecode.swift; path = MessageBubble.swift; sourceTree = "<group>"; };
		A8DC44AD9B6CA28B9F9B0A73 /* Assets.xcassets */ = {isa = PBXFileReference; lastKnownFileType = folder.assetcatalog; path = Assets.xcassets; sourceTree = "<group>"; };
		B3B344B02F1F14F3E8825A6F /* WelcomeCard.swift */ = {isa = PBXFileReference; lastKnownFileType = sourcecode.swift; path = WelcomeCard.swift; sourceTree = "<group>"; };
		BAA55D76B85542757BA15672 /* OnboardingPermissionsView.swift */ = {isa = PBXFileReference; lastKnownFileType = sourcecode.swift; path = OnboardingPermissionsView.swift; sourceTree = "<group>"; };
		C5B724D198BFBFD74A853436 /* HealthKitRecoveryFetcher.swift */ = {isa = PBXFileReference; lastKnownFileType = sourcecode.swift; path = HealthKitRecoveryFetcher.swift; sourceTree = "<group>"; };
		CAF43EAF52E1359CB1A09588 /* MelanionApp.swift */ = {isa = PBXFileReference; lastKnownFileType = sourcecode.swift; path = MelanionApp.swift; sourceTree = "<group>"; };
		DA67ED8FA9E625EC798D8111 /* PromptInput.swift */ = {isa = PBXFileReference; lastKnownFileType = sourcecode.swift; path = PromptInput.swift; sourceTree = "<group>"; };
		DBD7C28B0630609B032CB8B7 /* SystemPromptBuilder.swift */ = {isa = PBXFileReference; lastKnownFileType = sourcecode.swift; path = SystemPromptBuilder.swift; sourceTree = "<group>"; };
		DC1658E82E505A43C23DBFA8 /* NotificationSettings.swift */ = {isa = PBXFileReference; lastKnownFileType = sourcecode.swift; path = NotificationSettings.swift; sourceTree = "<group>"; };
		ED7A4F9344F4B2D0945EE163 /* MilestoneDetector.swift */ = {isa = PBXFileReference; lastKnownFileType = sourcecode.swift; path = MilestoneDetector.swift; sourceTree = "<group>"; };
		EFE0A442BF307CC469E5D27D /* OnboardingViewModel.swift */ = {isa = PBXFileReference; lastKnownFileType = sourcecode.swift; path = OnboardingViewModel.swift; sourceTree = "<group>"; };
		F0D2E5E1043131E60AEF648B /* NotificationService.swift */ = {isa = PBXFileReference; lastKnownFileType = sourcecode.swift; path = NotificationService.swift; sourceTree = "<group>"; };
		F0DD5FADE22A1A2DED2C729C /* IntelligenceGate.swift */ = {isa = PBXFileReference; lastKnownFileType = sourcecode.swift; path = IntelligenceGate.swift; sourceTree = "<group>"; };
		F475F30DC94157B2274AF109 /* ContentView.swift */ = {isa = PBXFileReference; lastKnownFileType = sourcecode.swift; path = ContentView.swift; sourceTree = "<group>"; };
		FC6AB02F9814286D25CBC02D /* ResponseTypes.swift */ = {isa = PBXFileReference; lastKnownFileType = sourcecode.swift; path = ResponseTypes.swift; sourceTree = "<group>"; };
		FE6026FCC97576DA83121854 /* UserProfile.swift */ = {isa = PBXFileReference; lastKnownFileType = sourcecode.swift; path = UserProfile.swift; sourceTree = "<group>"; };
/* End PBXFileReference section */

/* Begin PBXGroup section */
		0523920E5C953B6C93A681A0 /* HealthKit */ = {
			isa = PBXGroup;
			children = (
				14507F037544F6D40078DB24 /* HealthKitError.swift */,
				21092E0851B3054111F1907E /* HealthKitPermissionManager.swift */,
				C5B724D198BFBFD74A853436 /* HealthKitRecoveryFetcher.swift */,
				444563FC8E2E53529BBC2D19 /* HealthKitWorkoutFetcher.swift */,
			);
			path = HealthKit;
			sourceTree = "<group>";
		};
		1FC4E42080A6D9AFE01CEDE5 /* Models */ = {
			isa = PBXGroup;
			children = (
				3A82AF1C2209D8D0A08A3C92 /* RecoveryBundle.swift */,
				61FC27CBF6AD04C0BC70D856 /* RouteData.swift */,
				82FB9889E0038A7C393C4650 /* RunWorkout.swift */,
				FE6026FCC97576DA83121854 /* UserProfile.swift */,
			);
			path = Models;
			sourceTree = "<group>";
		};
		507BE5AD407E000E297CA3BC /* Components */ = {
			isa = PBXGroup;
			children = (
				36E368DCB5AD1FD3486EDD43 /* Theme.swift */,
			);
			path = Components;
			sourceTree = "<group>";
		};
		54A5864C4C46F74EEE7BEAC9 = {
			isa = PBXGroup;
			children = (
				BAFB05E544478F41DEF552B5 /* Melanion */,
				8A7C03A495E1826A98AF0C25 /* Products */,
			);
			sourceTree = "<group>";
		};
		61AF7E1FA79F6ACFA5E70B4E /* Features */ = {
			isa = PBXGroup;
			children = (
				89EE34933254A6031BC694E4 /* IntelligenceUnavailableView.swift */,
				65BA4C09310858DFB742BE29 /* Chat */,
				F3A511BCD7337FD091BEA24D /* Notifications */,
				FA169D4CC281489743E16D32 /* Onboarding */,
				D37D3837922C997AC11CE230 /* Settings */,
			);
			path = Features;
			sourceTree = "<group>";
		};
		65BA4C09310858DFB742BE29 /* Chat */ = {
			isa = PBXGroup;
			children = (
				7EBC03B9CFFBAC3AA90C80D3 /* ChatMessage.swift */,
				568CE28AC494BF376E8DD0FE /* ChatView.swift */,
				1EF1B484316CB874FD7F6D23 /* ChatViewModel.swift */,
				28DA4D9D64710D2106F806D5 /* DataRetriever.swift */,
				7275175D59482352BC464B2C /* LanguageModelService.swift */,
				4CE2E6F4B60633B2D5B88579 /* LoadingDots.swift */,
				8FE0951A4D9B6C11B4F9118B /* MessageBubble.swift */,
				DA67ED8FA9E625EC798D8111 /* PromptInput.swift */,
				FC6AB02F9814286D25CBC02D /* ResponseTypes.swift */,
				DBD7C28B0630609B032CB8B7 /* SystemPromptBuilder.swift */,
				B3B344B02F1F14F3E8825A6F /* WelcomeCard.swift */,
			);
			path = Chat;
			sourceTree = "<group>";
		};
		8A7C03A495E1826A98AF0C25 /* Products */ = {
			isa = PBXGroup;
			children = (
				7D132C082E768B41E9F8E975 /* Melanion.app */,
			);
			name = Products;
			sourceTree = "<group>";
		};
		94345FD8B8AC97934C7715F9 /* App */ = {
			isa = PBXGroup;
			children = (
				F475F30DC94157B2274AF109 /* ContentView.swift */,
				F0DD5FADE22A1A2DED2C729C /* IntelligenceGate.swift */,
				CAF43EAF52E1359CB1A09588 /* MelanionApp.swift */,
			);
			path = App;
			sourceTree = "<group>";
		};
		97D8E6910D357780838D3C00 /* Data */ = {
			isa = PBXGroup;
			children = (
				0523920E5C953B6C93A681A0 /* HealthKit */,
			);
			path = Data;
			sourceTree = "<group>";
		};
		BAFB05E544478F41DEF552B5 /* Melanion */ = {
			isa = PBXGroup;
			children = (
				8599272CAC541FF285FBCEE2 /* Info.plist */,
				36DFBCE73684D80D3FD2908B /* Melanion.entitlements */,
				94345FD8B8AC97934C7715F9 /* App */,
				507BE5AD407E000E297CA3BC /* Components */,
				97D8E6910D357780838D3C00 /* Data */,
				61AF7E1FA79F6ACFA5E70B4E /* Features */,
				1FC4E42080A6D9AFE01CEDE5 /* Models */,
				DBC85360162DF8D5941BDE1B /* Resources */,
			);
			path = Melanion;
			sourceTree = "<group>";
		};
		D37D3837922C997AC11CE230 /* Settings */ = {
			isa = PBXGroup;
			children = (
				0AEB3FB0FC93FE361C579A53 /* SettingsView.swift */,
			);
			path = Settings;
			sourceTree = "<group>";
		};
		DBC85360162DF8D5941BDE1B /* Resources */ = {
			isa = PBXGroup;
			children = (
				A8DC44AD9B6CA28B9F9B0A73 /* Assets.xcassets */,
			);
			path = Resources;
			sourceTree = "<group>";
		};
		F3A511BCD7337FD091BEA24D /* Notifications */ = {
			isa = PBXGroup;
			children = (
				ED7A4F9344F4B2D0945EE163 /* MilestoneDetector.swift */,
				F0D2E5E1043131E60AEF648B /* NotificationService.swift */,
				DC1658E82E505A43C23DBFA8 /* NotificationSettings.swift */,
			);
			path = Notifications;
			sourceTree = "<group>";
		};
		FA169D4CC281489743E16D32 /* Onboarding */ = {
			isa = PBXGroup;
			children = (
				3EC9BA5AF139039B1D6D459D /* FirstLaunchSetupView.swift */,
				BAA55D76B85542757BA15672 /* OnboardingPermissionsView.swift */,
				645684C2459A9E1DD74A050F /* OnboardingProfileView.swift */,
				EFE0A442BF307CC469E5D27D /* OnboardingViewModel.swift */,
				0A20ABA1369ED2DC743A0559 /* OnboardingWelcomeView.swift */,
			);
			path = Onboarding;
			sourceTree = "<group>";
		};
/* End PBXGroup section */

/* Begin PBXNativeTarget section */
		DA34713B5589D654D6E0C9AC /* Melanion */ = {
			isa = PBXNativeTarget;
			buildConfigurationList = 2C17282B445BC78BE4D66EF6 /* Build configuration list for PBXNativeTarget "Melanion" */;
			buildPhases = (
				45BF7E51D4D93B2D0A11D234 /* Sources */,
				C2FA0D1473703DBAAB559E64 /* Resources */,
			);
			buildRules = (
			);
			dependencies = (
			);
			name = Melanion;
			packageProductDependencies = (
			);
			productName = Melanion;
			productReference = 7D132C082E768B41E9F8E975 /* Melanion.app */;
			productType = "com.apple.product-type.application";
		};
/* End PBXNativeTarget section */

/* Begin PBXProject section */
		8FD91FDA51998C4BC02551EF /* Project object */ = {
			isa = PBXProject;
			attributes = {
				BuildIndependentTargetsInParallel = YES;
				LastUpgradeCheck = 1630;
				TargetAttributes = {
					DA34713B5589D654D6E0C9AC = {
						ProvisioningStyle = Automatic;
					};
				};
			};
			buildConfigurationList = 7681784AA68F664F3CC78B10 /* Build configuration list for PBXProject "Melanion" */;
			developmentRegion = en;
			hasScannedForEncodings = 0;
			knownRegions = (
				Base,
				en,
			);
			mainGroup = 54A5864C4C46F74EEE7BEAC9;
			minimizedProjectReferenceProxies = 1;
			preferredProjectObjectVersion = 77;
			productRefGroup = 8A7C03A495E1826A98AF0C25 /* Products */;
			projectDirPath = "";
			projectRoot = "";
			targets = (
				DA34713B5589D654D6E0C9AC /* Melanion */,
			);
		};
/* End PBXProject section */

/* Begin PBXResourcesBuildPhase section */
		C2FA0D1473703DBAAB559E64 /* Resources */ = {
			isa = PBXResourcesBuildPhase;
			buildActionMask = 2147483647;
			files = (
				753F1BD7AFA50C0839072C64 /* Assets.xcassets in Resources */,
			);
			runOnlyForDeploymentPostprocessing = 0;
		};
/* End PBXResourcesBuildPhase section */

/* Begin PBXSourcesBuildPhase section */
		45BF7E51D4D93B2D0A11D234 /* Sources */ = {
			isa = PBXSourcesBuildPhase;
			buildActionMask = 2147483647;
			files = (
				9BFA28B877E7E241CEC6F979 /* ChatMessage.swift in Sources */,
				20E8466003EC4B4EEB41E156 /* ChatView.swift in Sources */,
				250075088563746F30A6BBA7 /* ChatViewModel.swift in Sources */,
				D0120D999D5E37CDAF333725 /* ContentView.swift in Sources */,
				2282B39C663D5E16F39F5EEF /* DataRetriever.swift in Sources */,
				ACA4D29E970E549EEB8FDB67 /* FirstLaunchSetupView.swift in Sources */,
				9792086F3E1FE910C325CF16 /* HealthKitError.swift in Sources */,
				6F07460E351F31C8E5F7BA24 /* HealthKitPermissionManager.swift in Sources */,
				EDCEC2F11A0643D62C658139 /* HealthKitRecoveryFetcher.swift in Sources */,
				735EAA0631DFB2F1F346ED70 /* HealthKitWorkoutFetcher.swift in Sources */,
				7C1886EDED334A9EC3761FA7 /* IntelligenceGate.swift in Sources */,
				9CFF75B1C420643E48D93252 /* IntelligenceUnavailableView.swift in Sources */,
				4CE9B4B158307F9BFED5A3CD /* LanguageModelService.swift in Sources */,
				B91D63210798AE845716A36E /* LoadingDots.swift in Sources */,
				851033D9C11FEBA450439B93 /* MelanionApp.swift in Sources */,
				47A048CED617E7E57D4137ED /* MessageBubble.swift in Sources */,
				65C99B5F4D16BAA493796B9A /* MilestoneDetector.swift in Sources */,
				7344CCC65C04CBDD0CD9E5B4 /* NotificationService.swift in Sources */,
				9B8043D43131F3CE06CD0B62 /* NotificationSettings.swift in Sources */,
				611D5DAE701E03722910A3C6 /* OnboardingPermissionsView.swift in Sources */,
				2FCB6273F60818CE4F7EE374 /* OnboardingProfileView.swift in Sources */,
				0DF948CF0C8E1E7670FE34D8 /* OnboardingViewModel.swift in Sources */,
				8BD157E00DD5B08C12A1C87D /* OnboardingWelcomeView.swift in Sources */,
				76E1211D079FFC33E876E22C /* PromptInput.swift in Sources */,
				2881E1208CDCAA3728F9651D /* RecoveryBundle.swift in Sources */,
				9308AFD9DE84C06C1DC0A06A /* ResponseTypes.swift in Sources */,
				ED9C0D101B8A04CEA24AA965 /* RouteData.swift in Sources */,
				668B488776FD97ACC804A4D8 /* RunWorkout.swift in Sources */,
				DB53F0DF7070F31205680FC8 /* SettingsView.swift in Sources */,
				E80B7022BDE11075A995E1B0 /* SystemPromptBuilder.swift in Sources */,
				A423EE6F2C92F0753065EDC1 /* Theme.swift in Sources */,
				6FC5D21708AEC60C50AB16D7 /* UserProfile.swift in Sources */,
				6D5C33FD0C7517459794D160 /* WelcomeCard.swift in Sources */,
			);
			runOnlyForDeploymentPostprocessing = 0;
		};
/* End PBXSourcesBuildPhase section */

/* Begin XCBuildConfiguration section */
		85AD0FA5D578CEADE60094A8 /* Debug */ = {
			isa = XCBuildConfiguration;
			buildSettings = {
				ALWAYS_SEARCH_USER_PATHS = NO;
				CLANG_ANALYZER_NONNULL = YES;
				CLANG_ANALYZER_NUMBER_OBJECT_CONVERSION = YES_AGGRESSIVE;
				CLANG_CXX_LANGUAGE_STANDARD = "gnu++14";
				CLANG_CXX_LIBRARY = "libc++";
				CLANG_ENABLE_MODULES = YES;
				CLANG_ENABLE_OBJC_ARC = YES;
				CLANG_ENABLE_OBJC_WEAK = YES;
				CLANG_WARN_BLOCK_CAPTURE_AUTORELEASING = YES;
				CLANG_WARN_BOOL_CONVERSION = YES;
				CLANG_WARN_COMMA = YES;
				CLANG_WARN_CONSTANT_CONVERSION = YES;
				CLANG_WARN_DEPRECATED_OBJC_IMPLEMENTATIONS = YES;
				CLANG_WARN_DIRECT_OBJC_ISA_USAGE = YES_ERROR;
				CLANG_WARN_DOCUMENTATION_COMMENTS = YES;
				CLANG_WARN_EMPTY_BODY = YES;
				CLANG_WARN_ENUM_CONVERSION = YES;
				CLANG_WARN_INFINITE_RECURSION = YES;
				CLANG_WARN_INT_CONVERSION = YES;
				CLANG_WARN_NON_LITERAL_NULL_CONVERSION = YES;
				CLANG_WARN_OBJC_IMPLICIT_RETAIN_SELF = YES;
				CLANG_WARN_OBJC_LITERAL_CONVERSION = YES;
				CLANG_WARN_OBJC_ROOT_CLASS = YES_ERROR;
				CLANG_WARN_QUOTED_INCLUDE_IN_FRAMEWORK_HEADER = YES;
				CLANG_WARN_RANGE_LOOP_ANALYSIS = YES;
				CLANG_WARN_STRICT_PROTOTYPES = YES;
				CLANG_WARN_SUSPICIOUS_MOVE = YES;
				CLANG_WARN_UNGUARDED_AVAILABILITY = YES_AGGRESSIVE;
				CLANG_WARN_UNREACHABLE_CODE = YES;
				CLANG_WARN__DUPLICATE_METHOD_MATCH = YES;
				COPY_PHASE_STRIP = NO;
				DEBUG_INFORMATION_FORMAT = dwarf;
				ENABLE_STRICT_OBJC_MSGSEND = YES;
				ENABLE_TESTABILITY = YES;
				GCC_C_LANGUAGE_STANDARD = gnu11;
				GCC_DYNAMIC_NO_PIC = NO;
				GCC_NO_COMMON_BLOCKS = YES;
				GCC_OPTIMIZATION_LEVEL = 0;
				GCC_PREPROCESSOR_DEFINITIONS = (
					"$(inherited)",
					"DEBUG=1",
				);
				GCC_WARN_64_TO_32_BIT_CONVERSION = YES;
				GCC_WARN_ABOUT_RETURN_TYPE = YES_ERROR;
				GCC_WARN_UNDECLARED_SELECTOR = YES;
				GCC_WARN_UNINITIALIZED_AUTOS = YES_AGGRESSIVE;
				GCC_WARN_UNUSED_FUNCTION = YES;
				GCC_WARN_UNUSED_VARIABLE = YES;
				IPHONEOS_DEPLOYMENT_TARGET = 26.0;
				MTL_ENABLE_DEBUG_INFO = INCLUDE_SOURCE;
				MTL_FAST_MATH = YES;
				ONLY_ACTIVE_ARCH = YES;
				PRODUCT_NAME = "$(TARGET_NAME)";
				SDKROOT = iphoneos;
				SWIFT_ACTIVE_COMPILATION_CONDITIONS = DEBUG;
				SWIFT_OPTIMIZATION_LEVEL = "-Onone";
				SWIFT_VERSION = 5.0;
			};
			name = Debug;
		};
		C2E0222574A05668D16F1DD3 /* Release */ = {
			isa = XCBuildConfiguration;
			buildSettings = {
				ASSETCATALOG_COMPILER_APPICON_NAME = AppIcon;
				CODE_SIGN_ENTITLEMENTS = Melanion/Melanion.entitlements;
				CODE_SIGN_IDENTITY = "iPhone Developer";
				CODE_SIGN_STYLE = Automatic;
				DEVELOPMENT_TEAM = 4BYFYA8V97;
				INFOPLIST_FILE = Melanion/Info.plist;
				IPHONEOS_DEPLOYMENT_TARGET = 26.0;
				LD_RUNPATH_SEARCH_PATHS = (
					"$(inherited)",
					"@executable_path/Frameworks",
				);
				PRODUCT_BUNDLE_IDENTIFIER = com.philippewisniewski.melanion;
				SDKROOT = iphoneos;
				SWIFT_VERSION = 6.0;
				TARGETED_DEVICE_FAMILY = "1,2";
			};
			name = Release;
		};
		CD6737B61DD336E14B44AE09 /* Debug */ = {
			isa = XCBuildConfiguration;
			buildSettings = {
				ASSETCATALOG_COMPILER_APPICON_NAME = AppIcon;
				CODE_SIGN_ENTITLEMENTS = Melanion/Melanion.entitlements;
				CODE_SIGN_IDENTITY = "iPhone Developer";
				CODE_SIGN_STYLE = Automatic;
				DEVELOPMENT_TEAM = 4BYFYA8V97;
				INFOPLIST_FILE = Melanion/Info.plist;
				IPHONEOS_DEPLOYMENT_TARGET = 26.0;
				LD_RUNPATH_SEARCH_PATHS = (
					"$(inherited)",
					"@executable_path/Frameworks",
				);
				PRODUCT_BUNDLE_IDENTIFIER = com.philippewisniewski.melanion;
				SDKROOT = iphoneos;
				SWIFT_VERSION = 6.0;
				TARGETED_DEVICE_FAMILY = "1,2";
			};
			name = Debug;
		};
		DDAF6EB434339A5AE55C5721 /* Release */ = {
			isa = XCBuildConfiguration;
			buildSettings = {
				ALWAYS_SEARCH_USER_PATHS = NO;
				CLANG_ANALYZER_NONNULL = YES;
				CLANG_ANALYZER_NUMBER_OBJECT_CONVERSION = YES_AGGRESSIVE;
				CLANG_CXX_LANGUAGE_STANDARD = "gnu++14";
				CLANG_CXX_LIBRARY = "libc++";
				CLANG_ENABLE_MODULES = YES;
				CLANG_ENABLE_OBJC_ARC = YES;
				CLANG_ENABLE_OBJC_WEAK = YES;
				CLANG_WARN_BLOCK_CAPTURE_AUTORELEASING = YES;
				CLANG_WARN_BOOL_CONVERSION = YES;
				CLANG_WARN_COMMA = YES;
				CLANG_WARN_CONSTANT_CONVERSION = YES;
				CLANG_WARN_DEPRECATED_OBJC_IMPLEMENTATIONS = YES;
				CLANG_WARN_DIRECT_OBJC_ISA_USAGE = YES_ERROR;
				CLANG_WARN_DOCUMENTATION_COMMENTS = YES;
				CLANG_WARN_EMPTY_BODY = YES;
				CLANG_WARN_ENUM_CONVERSION = YES;
				CLANG_WARN_INFINITE_RECURSION = YES;
				CLANG_WARN_INT_CONVERSION = YES;
				CLANG_WARN_NON_LITERAL_NULL_CONVERSION = YES;
				CLANG_WARN_OBJC_IMPLICIT_RETAIN_SELF = YES;
				CLANG_WARN_OBJC_LITERAL_CONVERSION = YES;
				CLANG_WARN_OBJC_ROOT_CLASS = YES_ERROR;
				CLANG_WARN_QUOTED_INCLUDE_IN_FRAMEWORK_HEADER = YES;
				CLANG_WARN_RANGE_LOOP_ANALYSIS = YES;
				CLANG_WARN_STRICT_PROTOTYPES = YES;
				CLANG_WARN_SUSPICIOUS_MOVE = YES;
				CLANG_WARN_UNGUARDED_AVAILABILITY = YES_AGGRESSIVE;
				CLANG_WARN_UNREACHABLE_CODE = YES;
				CLANG_WARN__DUPLICATE_METHOD_MATCH = YES;
				COPY_PHASE_STRIP = NO;
				DEBUG_INFORMATION_FORMAT = "dwarf-with-dsym";
				ENABLE_NS_ASSERTIONS = NO;
				ENABLE_STRICT_OBJC_MSGSEND = YES;
				GCC_C_LANGUAGE_STANDARD = gnu11;
				GCC_NO_COMMON_BLOCKS = YES;
				GCC_WARN_64_TO_32_BIT_CONVERSION = YES;
				GCC_WARN_ABOUT_RETURN_TYPE = YES_ERROR;
				GCC_WARN_UNDECLARED_SELECTOR = YES;
				GCC_WARN_UNINITIALIZED_AUTOS = YES_AGGRESSIVE;
				GCC_WARN_UNUSED_FUNCTION = YES;
				GCC_WARN_UNUSED_VARIABLE = YES;
				IPHONEOS_DEPLOYMENT_TARGET = 26.0;
				MTL_ENABLE_DEBUG_INFO = NO;
				MTL_FAST_MATH = YES;
				PRODUCT_NAME = "$(TARGET_NAME)";
				SDKROOT = iphoneos;
				SWIFT_COMPILATION_MODE = wholemodule;
				SWIFT_OPTIMIZATION_LEVEL = "-O";
				SWIFT_VERSION = 5.0;
			};
			name = Release;
		};
/* End XCBuildConfiguration section */

/* Begin XCConfigurationList section */
		2C17282B445BC78BE4D66EF6 /* Build configuration list for PBXNativeTarget "Melanion" */ = {
			isa = XCConfigurationList;
			buildConfigurations = (
				CD6737B61DD336E14B44AE09 /* Debug */,
				C2E0222574A05668D16F1DD3 /* Release */,
			);
			defaultConfigurationIsVisible = 0;
			defaultConfigurationName = Debug;
		};
		7681784AA68F664F3CC78B10 /* Build configuration list for PBXProject "Melanion" */ = {
			isa = XCConfigurationList;
			buildConfigurations = (
				85AD0FA5D578CEADE60094A8 /* Debug */,
				DDAF6EB434339A5AE55C5721 /* Release */,
			);
			defaultConfigurationIsVisible = 0;
			defaultConfigurationName = Debug;
		};
/* End XCConfigurationList section */
	};
	rootObject = 8FD91FDA51998C4BC02551EF /* Project object */;
}
